# This file is @generated by PDM.
# It is not intended for manual editing.

[metadata]
groups = ["default"]
strategy = ["cross_platform"]
lock_version = "4.4.1"
content_hash = "sha256:dfb3518600105d1ac86a7fe7e292aa2ef567d2ee2e4cf715cb4c394c3399b9b2"

[[package]]
name = "amqp"
version = "5.2.0"
requires_python = ">=3.6"
summary = "Low-level AMQP client for Python (fork of amqplib)."
dependencies = [
    "vine<6.0.0,>=5.0.0",
]
files = [
    {file = "amqp-5.2.0-py3-none-any.whl", hash = "sha256:827cb12fb0baa892aad844fd95258143bce4027fdac4fccddbc43330fd281637"},
    {file = "amqp-5.2.0.tar.gz", hash = "sha256:a1ecff425ad063ad42a486c902807d1482311481c8ad95a72694b2975e75f7fd"},
]

[[package]]
name = "asgiref"
version = "3.7.2"
requires_python = ">=3.7"
summary = "ASGI specs, helper code, and adapters"
files = [
    {file = "asgiref-3.7.2-py3-none-any.whl", hash = "sha256:89b2ef2247e3b562a16eef663bc0e2e703ec6468e2fa8a5cd61cd449786d4f6e"},
    {file = "asgiref-3.7.2.tar.gz", hash = "sha256:9e0ce3aa93a819ba5b45120216b23878cf6e8525eb3848653452b4192b92afed"},
]

[[package]]
name = "billiard"
version = "4.2.0"
requires_python = ">=3.7"
summary = "Python multiprocessing fork with improvements and bugfixes"
files = [
    {file = "billiard-4.2.0-py3-none-any.whl", hash = "sha256:07aa978b308f334ff8282bd4a746e681b3513db5c9a514cbdd810cbbdc19714d"},
    {file = "billiard-4.2.0.tar.gz", hash = "sha256:9a3c3184cb275aa17a732f93f65b20c525d3d9f253722d26a82194803ade5a2c"},
]

[[package]]
name = "boto3"
version = "1.34.7"
requires_python = ">= 3.8"
summary = "The AWS SDK for Python"
dependencies = [
    "botocore<1.35.0,>=1.34.7",
    "jmespath<2.0.0,>=0.7.1",
    "s3transfer<0.11.0,>=0.10.0",
]
files = [
    {file = "boto3-1.34.7-py3-none-any.whl", hash = "sha256:04c1cc752946f20513ed70058d4b750b3591c82bb59cbbe26157dbe125e687cc"},
    {file = "boto3-1.34.7.tar.gz", hash = "sha256:76b62ca46a4632117b4cd31ae56164492e41afb9fec41973688293c536580561"},
]

[[package]]
name = "botocore"
version = "1.34.7"
requires_python = ">= 3.8"
summary = "Low-level, data-driven core of boto 3."
dependencies = [
    "jmespath<2.0.0,>=0.7.1",
    "python-dateutil<3.0.0,>=2.1",
    "urllib3<2.1,>=1.25.4; python_version >= \"3.10\"",
]
files = [
    {file = "botocore-1.34.7-py3-none-any.whl", hash = "sha256:85164e924965c850fb02b1edcbef03f61413aff5f0064e660992b8b76c996d0c"},
    {file = "botocore-1.34.7.tar.gz", hash = "sha256:b145a52b7d1fd4e072bcd692369d4cb77f971651bb0dc2bf38e2b4f9d62973e6"},
]

[[package]]
name = "celery"
version = "5.3.6"
requires_python = ">=3.8"
summary = "Distributed Task Queue."
dependencies = [
    "billiard<5.0,>=4.2.0",
    "click-didyoumean>=0.3.0",
    "click-plugins>=1.1.1",
    "click-repl>=0.2.0",
    "click<9.0,>=8.1.2",
    "kombu<6.0,>=5.3.4",
    "python-dateutil>=2.8.2",
    "tzdata>=2022.7",
    "vine<6.0,>=5.1.0",
]
files = [
    {file = "celery-5.3.6-py3-none-any.whl", hash = "sha256:9da4ea0118d232ce97dff5ed4974587fb1c0ff5c10042eb15278487cdd27d1af"},
    {file = "celery-5.3.6.tar.gz", hash = "sha256:870cc71d737c0200c397290d730344cc991d13a057534353d124c9380267aab9"},
]

[[package]]
name = "click"
version = "8.1.7"
requires_python = ">=3.7"
summary = "Composable command line interface toolkit"
dependencies = [
    "colorama; platform_system == \"Windows\"",
]
files = [
    {file = "click-8.1.7-py3-none-any.whl", hash = "sha256:ae74fb96c20a0277a1d615f1e4d73c8414f5a98db8b799a7931d1582f3390c28"},
    {file = "click-8.1.7.tar.gz", hash = "sha256:ca9853ad459e787e2192211578cc907e7594e294c7ccc834310722b41b9ca6de"},
]

[[package]]
name = "click-didyoumean"
version = "0.3.0"
requires_python = ">=3.6.2,<4.0.0"
summary = "Enables git-like *did-you-mean* feature in click"
dependencies = [
    "click>=7",
]
files = [
    {file = "click-didyoumean-0.3.0.tar.gz", hash = "sha256:f184f0d851d96b6d29297354ed981b7dd71df7ff500d82fa6d11f0856bee8035"},
    {file = "click_didyoumean-0.3.0-py3-none-any.whl", hash = "sha256:a0713dc7a1de3f06bc0df5a9567ad19ead2d3d5689b434768a6145bff77c0667"},
]

[[package]]
name = "click-plugins"
version = "1.1.1"
summary = "An extension module for click to enable registering CLI commands via setuptools entry-points."
dependencies = [
    "click>=4.0",
]
files = [
    {file = "click-plugins-1.1.1.tar.gz", hash = "sha256:46ab999744a9d831159c3411bb0c79346d94a444df9a3a3742e9ed63645f264b"},
    {file = "click_plugins-1.1.1-py2.py3-none-any.whl", hash = "sha256:5d262006d3222f5057fd81e1623d4443e41dcda5dc815c06b442aa3c02889fc8"},
]

[[package]]
name = "click-repl"
version = "0.3.0"
requires_python = ">=3.6"
summary = "REPL plugin for Click"
dependencies = [
    "click>=7.0",
    "prompt-toolkit>=3.0.36",
]
files = [
    {file = "click-repl-0.3.0.tar.gz", hash = "sha256:17849c23dba3d667247dc4defe1757fff98694e90fe37474f3feebb69ced26a9"},
    {file = "click_repl-0.3.0-py3-none-any.whl", hash = "sha256:fb7e06deb8da8de86180a33a9da97ac316751c094c6899382da7feeeeb51b812"},
]

[[package]]
name = "colorama"
version = "0.4.6"
requires_python = "!=3.0.*,!=3.1.*,!=3.2.*,!=3.3.*,!=3.4.*,!=3.5.*,!=3.6.*,>=2.7"
summary = "Cross-platform colored terminal text."
files = [
    {file = "colorama-0.4.6-py2.py3-none-any.whl", hash = "sha256:4f1d9991f5acc0ca119f9d443620b77f9d6b33703e51011c16baf57afb285fc6"},
    {file = "colorama-0.4.6.tar.gz", hash = "sha256:08695f5cb7ed6e0531a20572697297273c47b8cae5a63ffc6d6ed5c201be6e44"},
]

[[package]]
name = "dj-database-url"
version = "2.1.0"
summary = "Use Database URLs in your Django Application."
dependencies = [
    "Django>=3.2",
    "typing-extensions>=3.10.0.0",
]
files = [
    {file = "dj-database-url-2.1.0.tar.gz", hash = "sha256:f2042cefe1086e539c9da39fad5ad7f61173bf79665e69bf7e4de55fa88b135f"},
    {file = "dj_database_url-2.1.0-py3-none-any.whl", hash = "sha256:04bc34b248d4c21aaa13e4ab419ae6575ef5f10f3df735ce7da97722caa356e0"},
]

[[package]]
name = "django"
version = "5.0"
requires_python = ">=3.10"
summary = "A high-level Python web framework that encourages rapid development and clean, pragmatic design."
dependencies = [
    "asgiref>=3.7.0",
    "sqlparse>=0.3.1",
    "tzdata; sys_platform == \"win32\"",
]
files = [
    {file = "Django-5.0-py3-none-any.whl", hash = "sha256:3a9fd52b8dbeae335ddf4a9dfa6c6a0853a1122f1fb071a8d5eca979f73a05c8"},
    {file = "Django-5.0.tar.gz", hash = "sha256:7d29e14dfbc19cb6a95a4bd669edbde11f5d4c6a71fdaa42c2d40b6846e807f7"},
]

[[package]]
name = "django-environ"
version = "0.11.2"
requires_python = ">=3.6,<4"
summary = "A package that allows you to utilize 12factor inspired environment variables to configure your Django application."
files = [
    {file = "django-environ-0.11.2.tar.gz", hash = "sha256:f32a87aa0899894c27d4e1776fa6b477e8164ed7f6b3e410a62a6d72caaf64be"},
    {file = "django_environ-0.11.2-py2.py3-none-any.whl", hash = "sha256:0ff95ab4344bfeff693836aa978e6840abef2e2f1145adff7735892711590c05"},
]

[[package]]
name = "django-storages"
version = "1.14.2"
requires_python = ">=3.7"
summary = "Support for many storage backends in Django"
dependencies = [
    "Django>=3.2",
]
files = [
    {file = "django-storages-1.14.2.tar.gz", hash = "sha256:51b36af28cc5813b98d5f3dfe7459af638d84428c8df4a03990c7d74d1bea4e5"},
    {file = "django_storages-1.14.2-py3-none-any.whl", hash = "sha256:1db759346b52ada6c2efd9f23d8241ecf518813eb31db9e2589207174f58f6ad"},
]

[[package]]
name = "django-storages"
version = "1.14.2"
extras = ["s3"]
requires_python = ">=3.7"
summary = "Support for many storage backends in Django"
dependencies = [
    "boto3>=1.4.4",
    "django-storages==1.14.2",
]
files = [
    {file = "django-storages-1.14.2.tar.gz", hash = "sha256:51b36af28cc5813b98d5f3dfe7459af638d84428c8df4a03990c7d74d1bea4e5"},
    {file = "django_storages-1.14.2-py3-none-any.whl", hash = "sha256:1db759346b52ada6c2efd9f23d8241ecf518813eb31db9e2589207174f58f6ad"},
]

[[package]]
name = "jmespath"
version = "1.0.1"
requires_python = ">=3.7"
summary = "JSON Matching Expressions"
files = [
    {file = "jmespath-1.0.1-py3-none-any.whl", hash = "sha256:02e2e4cc71b5bcab88332eebf907519190dd9e6e82107fa7f83b1003a6252980"},
    {file = "jmespath-1.0.1.tar.gz", hash = "sha256:90261b206d6defd58fdd5e85f478bf633a2901798906be2ad389150c5c60edbe"},
]

[[package]]
name = "kombu"
version = "5.3.4"
requires_python = ">=3.8"
summary = "Messaging library for Python."
dependencies = [
    "amqp<6.0.0,>=5.1.1",
    "vine",
]
files = [
    {file = "kombu-5.3.4-py3-none-any.whl", hash = "sha256:63bb093fc9bb80cfb3a0972336a5cec1fa7ac5f9ef7e8237c6bf8dda9469313e"},
    {file = "kombu-5.3.4.tar.gz", hash = "sha256:0bb2e278644d11dea6272c17974a3dbb9688a949f3bb60aeb5b791329c44fadc"},
]

[[package]]
name = "prompt-toolkit"
version = "3.0.43"
requires_python = ">=3.7.0"
summary = "Library for building powerful interactive command lines in Python"
dependencies = [
    "wcwidth",
]
files = [
    {file = "prompt_toolkit-3.0.43-py3-none-any.whl", hash = "sha256:a11a29cb3bf0a28a387fe5122cdb649816a957cd9261dcedf8c9f1fef33eacf6"},
    {file = "prompt_toolkit-3.0.43.tar.gz", hash = "sha256:3527b7af26106cbc65a040bcc84839a3566ec1b051bb0bfe953631e704b0ff7d"},
]

[[package]]
name = "psycopg-binary"
version = "3.1.16"
requires_python = ">=3.7"
summary = "PostgreSQL database adapter for Python -- C optimisation distribution"
files = [
    {file = "psycopg_binary-3.1.16-cp311-cp311-macosx_10_9_x86_64.whl", hash = "sha256:4ee8be32eb8b813ef37c5f5968fe03fdddc9a6f0129190f97f6491c798a1ef57"},
    {file = "psycopg_binary-3.1.16-cp311-cp311-macosx_11_0_arm64.whl", hash = "sha256:8f8fb9677fb7873daf9797207e72e9275f61e769a308c4ea8f55dfd3153ebae7"},
    {file = "psycopg_binary-3.1.16-cp311-cp311-manylinux_2_17_aarch64.manylinux2014_aarch64.whl", hash = "sha256:8a611d7256493ee5bb73a070c9c60206af415be6aee01243c186fc03f1eb1a48"},
    {file = "psycopg_binary-3.1.16-cp311-cp311-manylinux_2_17_i686.manylinux2014_i686.whl", hash = "sha256:d267cc92f0f0a9ea6c8ef058e95c85e58133d06c06f4ed48d63fc256aef166ab"},
    {file = "psycopg_binary-3.1.16-cp311-cp311-manylinux_2_17_ppc64le.manylinux2014_ppc64le.whl", hash = "sha256:e996b38ffeffbaa06d236bbeab5168d33eea95941cf74de1daa0b008333861b1"},
    {file = "psycopg_binary-3.1.16-cp311-cp311-manylinux_2_17_x86_64.manylinux2014_x86_64.whl", hash = "sha256:8429017cd7a3ef4699bee4ff8125a5e30b26882b817a178608d73e69fb727ab9"},
    {file = "psycopg_binary-3.1.16-cp311-cp311-musllinux_1_1_aarch64.whl", hash = "sha256:a7d3b2ea267e7676b3693799fadf941c672f5727fae4947efa1f0cc6e25b672c"},
    {file = "psycopg_binary-3.1.16-cp311-cp311-musllinux_1_1_i686.whl", hash = "sha256:d8290cfd475fadf935da0900dc91b845fe92f792e6d53039c0df82f9049a84ad"},
    {file = "psycopg_binary-3.1.16-cp311-cp311-musllinux_1_1_ppc64le.whl", hash = "sha256:72539a0c6b9a2a9be2acca993df17f4baaa0ed00f1d76b65733725286e3e3304"},
    {file = "psycopg_binary-3.1.16-cp311-cp311-musllinux_1_1_x86_64.whl", hash = "sha256:1078370a93eaef1dc5aed540055d50cbe37e9154342f3a3d73fd768a6199344d"},
    {file = "psycopg_binary-3.1.16-cp311-cp311-win_amd64.whl", hash = "sha256:adca24d273fe81ecab2312309db547b345155ec50d15676e2df82b8c5409eb06"},
    {file = "psycopg_binary-3.1.16-cp312-cp312-macosx_10_9_x86_64.whl", hash = "sha256:e1c416a7c2a699c3e5ba031357682ebca92bd58f399e553173ab5d67cc71cbc5"},
    {file = "psycopg_binary-3.1.16-cp312-cp312-macosx_11_0_arm64.whl", hash = "sha256:e951a8cc7cf919fdc817a28d57160e7286011a4a45dcad3be21f3e4feba8be1a"},
    {file = "psycopg_binary-3.1.16-cp312-cp312-manylinux_2_17_aarch64.manylinux2014_aarch64.whl", hash = "sha256:5eaa02fe8aa9ef8c8743919fdbc92c04b0ee8c43f3d65e53f24d355776c52fb3"},
    {file = "psycopg_binary-3.1.16-cp312-cp312-manylinux_2_17_i686.manylinux2014_i686.whl", hash = "sha256:e23375c14c22ce8fd26d057ac4ab827de79aafced173c68a4c0b03520ea02c70"},
    {file = "psycopg_binary-3.1.16-cp312-cp312-manylinux_2_17_ppc64le.manylinux2014_ppc64le.whl", hash = "sha256:84472e5c83e805d4c491f331061cbae3ea4e62f80a480fc4b32200be72262ffd"},
    {file = "psycopg_binary-3.1.16-cp312-cp312-manylinux_2_17_x86_64.manylinux2014_x86_64.whl", hash = "sha256:9b0f824565d1dc325c74c076efd5ba842b86219f8bc1b8048c8816621a8b268c"},
    {file = "psycopg_binary-3.1.16-cp312-cp312-musllinux_1_1_aarch64.whl", hash = "sha256:6b856d44531475488e773ac78d2a7a91c0909a1e8bdbd20d3ebdbdce1868c9a0"},
    {file = "psycopg_binary-3.1.16-cp312-cp312-musllinux_1_1_i686.whl", hash = "sha256:198c4f16f806f7d2ad0c4a5b774652e17861b55249efb4e344049b1fcf9a24af"},
    {file = "psycopg_binary-3.1.16-cp312-cp312-musllinux_1_1_ppc64le.whl", hash = "sha256:b23d4b86acba2d745763ee0801821af1c42b127d8df75b903b7e7ca7c5f6400c"},
    {file = "psycopg_binary-3.1.16-cp312-cp312-musllinux_1_1_x86_64.whl", hash = "sha256:2cfd857f1085c59da592090f2fa0751da30b67dcafea2ac52c4b404678406aae"},
    {file = "psycopg_binary-3.1.16-cp312-cp312-win_amd64.whl", hash = "sha256:46c9cca48d459d8df71fda4eef7d94a189b8333f4bc3cf1d170c1796fcbbc8cd"},
]

[[package]]
name = "python-dateutil"
version = "2.8.2"
requires_python = "!=3.0.*,!=3.1.*,!=3.2.*,>=2.7"
summary = "Extensions to the standard Python datetime module"
dependencies = [
    "six>=1.5",
]
files = [
    {file = "python-dateutil-2.8.2.tar.gz", hash = "sha256:0123cacc1627ae19ddf3c27a5de5bd67ee4586fbdd6440d9748f8abb483d3e86"},
    {file = "python_dateutil-2.8.2-py2.py3-none-any.whl", hash = "sha256:961d03dc3453ebbc59dbdea9e4e11c5651520a876d0f4db161e8674aae935da9"},
]

[[package]]
name = "s3transfer"
version = "0.10.0"
requires_python = ">= 3.8"
summary = "An Amazon S3 Transfer Manager"
dependencies = [
    "botocore<2.0a.0,>=1.33.2",
]
files = [
    {file = "s3transfer-0.10.0-py3-none-any.whl", hash = "sha256:3cdb40f5cfa6966e812209d0994f2a4709b561c88e90cf00c2696d2df4e56b2e"},
    {file = "s3transfer-0.10.0.tar.gz", hash = "sha256:d0c8bbf672d5eebbe4e57945e23b972d963f07d82f661cabf678a5c88831595b"},
]

[[package]]
name = "six"
version = "1.16.0"
requires_python = ">=2.7, !=3.0.*, !=3.1.*, !=3.2.*"
summary = "Python 2 and 3 compatibility utilities"
files = [
    {file = "six-1.16.0-py2.py3-none-any.whl", hash = "sha256:8abb2f1d86890a2dfb989f9a77cfcfd3e47c2a354b01111771326f8aa26e0254"},
    {file = "six-1.16.0.tar.gz", hash = "sha256:1e61c37477a1626458e36f7b1d82aa5c9b094fa4802892072e49de9c60c4c926"},
]

[[package]]
name = "sqlparse"
version = "0.4.4"
requires_python = ">=3.5"
summary = "A non-validating SQL parser."
files = [
    {file = "sqlparse-0.4.4-py3-none-any.whl", hash = "sha256:5430a4fe2ac7d0f93e66f1efc6e1338a41884b7ddf2a350cedd20ccc4d9d28f3"},
    {file = "sqlparse-0.4.4.tar.gz", hash = "sha256:d446183e84b8349fa3061f0fe7f06ca94ba65b426946ffebe6e3e8295332420c"},
]

[[package]]
name = "typing-extensions"
version = "4.9.0"
requires_python = ">=3.8"
summary = "Backported and Experimental Type Hints for Python 3.8+"
files = [
    {file = "typing_extensions-4.9.0-py3-none-any.whl", hash = "sha256:af72aea155e91adfc61c3ae9e0e342dbc0cba726d6cba4b6c72c1f34e47291cd"},
    {file = "typing_extensions-4.9.0.tar.gz", hash = "sha256:23478f88c37f27d76ac8aee6c905017a143b0b1b886c3c9f66bc2fd94f9f5783"},
]

[[package]]
name = "tzdata"
version = "2023.3"
requires_python = ">=2"
summary = "Provider of IANA time zone data"
files = [
    {file = "tzdata-2023.3-py2.py3-none-any.whl", hash = "sha256:7e65763eef3120314099b6939b5546db7adce1e7d6f2e179e3df563c70511eda"},
    {file = "tzdata-2023.3.tar.gz", hash = "sha256:11ef1e08e54acb0d4f95bdb1be05da659673de4acbd21bf9c69e94cc5e907a3a"},
]

[[package]]
name = "urllib3"
version = "2.0.7"
requires_python = ">=3.7"
summary = "HTTP library with thread-safe connection pooling, file post, and more."
files = [
    {file = "urllib3-2.0.7-py3-none-any.whl", hash = "sha256:fdb6d215c776278489906c2f8916e6e7d4f5a9b602ccbcfdf7f016fc8da0596e"},
    {file = "urllib3-2.0.7.tar.gz", hash = "sha256:c97dfde1f7bd43a71c8d2a58e369e9b2bf692d1334ea9f9cae55add7d0dd0f84"},
]

[[package]]
name = "vine"
version = "5.1.0"
requires_python = ">=3.6"
summary = "Python promises."
files = [
    {file = "vine-5.1.0-py3-none-any.whl", hash = "sha256:40fdf3c48b2cfe1c38a49e9ae2da6fda88e4794c810050a728bd7413811fb1dc"},
    {file = "vine-5.1.0.tar.gz", hash = "sha256:8b62e981d35c41049211cf62a0a1242d8c1ee9bd15bb196ce38aefd6799e61e0"},
]

[[package]]
name = "wcwidth"
version = "0.2.12"
summary = "Measures the displayed width of unicode strings in a terminal"
files = [
    {file = "wcwidth-0.2.12-py2.py3-none-any.whl", hash = "sha256:f26ec43d96c8cbfed76a5075dac87680124fa84e0855195a6184da9c187f133c"},
    {file = "wcwidth-0.2.12.tar.gz", hash = "sha256:f01c104efdf57971bcb756f054dd58ddec5204dd15fa31d6503ea57947d97c02"},
]
